
Microsoft Visual Studio Solution File, Format Version 12.00
# Visual Studio Version 17
VisualStudioVersion = 17.3.32929.385
MinimumVisualStudioVersion = 10.0.40219.1
Project("{FAE04EC0-301F-11D3-BF4B-00C04F79EFBC}") = "read-json-from-file", "read-json-from-file\read-json-from-file.csproj", "{DC72E9A0-0825-48B3-966F-F45D171A736A}"
EndProject
Global
	GlobalSection(SolutionConfigurationPlatforms) = preSolution
		Debug|Any CPU = Debug|Any CPU
		Release|Any CPU = Release|Any CPU
	EndGlobalSection
	GlobalSection(ProjectConfigurationPlatforms) = postSolution
		{DC72E9A0-0825-48B3-966F-F45D171A736A}.Debug|Any CPU.ActiveCfg = Debug|Any CPU
		{DC72E9A0-0825-48B3-966F-F45D171A736A}.Debug|Any CPU.Build.0 = Debug|Any CPU
		{DC72E9A0-0825-48B3-966F-F45D171A736A}.Release|Any CPU.ActiveCfg = Release|Any CPU
		{DC72E9A0-0825-48B3-966F-F45D171A736A}.Release|Any CPU.Build.0 = Release|Any CPU
	EndGlobalSection
	GlobalSection(SolutionProperties) = preSolution
		HideSolutionNode = FALSE
	EndGlobalSection
	GlobalSection(ExtensibilityGlobals) = postSolution
		SolutionGuid = {178DC466-5009-4332-8B47-DA2B8811DFF3}
	EndGlobalSection
EndGlobal
